{
  "object": {
    "pins": [
      {
        "package": "Commander",
        "repositoryURL": "https://github.com/devedbox/Commander.git",
        "state": {
          "branch": null,
          "revision": "3cebc1b64f546046b1f9e0711914d123d11012c6",
          "version": "0.5.7"
        }
      }
    ]
  },
  "version": 1
}
